
Microsoft Visual Studio Solution File, Format Version 12.00
# Visual Studio Version 16
VisualStudioVersion = 16.0.31515.178
MinimumVisualStudioVersion = 10.0.40219.1
Project("{8BC9CEB8-8B4A-11D0-8D11-00A0C91BC942}") = "siv3d-windows", "siv3d-windows.vcxproj", "{122D13C9-0EB5-4E72-B213-C873800B42B9}"
EndProject
Global
	GlobalSection(SolutionConfigurationPlatforms) = preSolution
		Debug|x64 = Debug|x64
		Release|x64 = Release|x64
	EndGlobalSection
	GlobalSection(ProjectConfigurationPlatforms) = postSolution
		{122D13C9-0EB5-4E72-B213-C873800B42B9}.Debug|x64.ActiveCfg = Debug|x64
		{122D13C9-0EB5-4E72-B213-C873800B42B9}.Debug|x64.Build.0 = Debug|x64
		{122D13C9-0EB5-4E72-B213-C873800B42B9}.Release|x64.ActiveCfg = Release|x64
		{122D13C9-0EB5-4E72-B213-C873800B42B9}.Release|x64.Build.0 = Release|x64
	EndGlobalSection
	GlobalSection(SolutionProperties) = preSolution
		HideSolutionNode = FALSE
	EndGlobalSection
	GlobalSection(ExtensibilityGlobals) = postSolution
		SolutionGuid = {CE8EEF1A-6E0D-4D47-9332-67757882BF5F}
	EndGlobalSection
EndGlobal
